{
  "name": "ttd-info",
  "lockfileVersion": 3,
  "requires": true,
  "packages": {
    "": {
      "name": "ttd-info",
      "dependencies": {
        "@vercel/firewall": "^1.2.4"
      }
    },
    "node_modules/@vercel/firewall": {
      "version": "1.2.4",
      "resolved": "https://registry.npmjs.org/@vercel/firewall/-/firewall-1.2.4.tgz",
      "integrity": "sha512-xAInVzYeohOabdjN9H+BWtwqLzsusXQ61gEPuOt26Wo7xYtjT8gRBty8gVKS1Kn4mhiOjHbWBF0SNrWYrLAGOQ==",
      "license": "Apache-2.0",
      "engines": {
        "node": ">= 20"
      }
    }
  }
}
